// !$*UTF8*$!
{
	archiveVersion = 1;
	classes = {
	};
	objectVersion = 50;
	objects = {

/* Begin PBXBuildFile section */
		A24EB1FC238B824A0022CE68 /* AppDelegate.m in Sources */ = {isa = PBXBuildFile; fileRef = A24EB1FB238B824A0022CE68 /* AppDelegate.m */; };
		A24EB1FF238B824A0022CE68 /* ViewController.m in Sources */ = {isa = PBXBuildFile; fileRef = A24EB1FE238B824A0022CE68 /* ViewController.m */; };
		A24EB202238B824A0022CE68 /* Main.storyboard in Resources */ = {isa = PBXBuildFile; fileRef = A24EB200238B824A0022CE68 /* Main.storyboard */; };
		A24EB204238B824B0022CE68 /* Assets.xcassets in Resources */ = {isa = PBXBuildFile; fileRef = A24EB203238B824B0022CE68 /* Assets.xcassets */; };
		A24EB207238B824B0022CE68 /* LaunchScreen.storyboard in Resources */ = {isa = PBXBuildFile; fileRef = A24EB205238B824B0022CE68 /* LaunchScreen.storyboard */; };
		A24EB20A238B824B0022CE68 /* main.m in Sources */ = {isa = PBXBuildFile; fileRef = A24EB209238B824B0022CE68 /* main.m */; };
		DBDD53AE2D7E0B81621CD958 /* libPods-actions-test.a in Frameworks */ = {isa = PBXBuildFile; fileRef = 52992EB031248399BD034CE1 /* libPods-actions-test.a */; };
/* End PBXBuildFile section */

/* Begin PBXFileReference section */
		52992EB031248399BD034CE1 /* libPods-actions-test.a */ = {isa = PBXFileReference; explicitFileType = archive.ar; includeInIndex = 0; path = "libPods-actions-test.a"; sourceTree = BUILT_PRODUCTS_DIR; };
		68789E695468B2126730D43D /* Pods-actions-test.debug.xcconfig */ = {isa = PBXFileReference; includeInIndex = 1; lastKnownFileType = text.xcconfig; name = "Pods-actions-test.debug.xcconfig"; path = "Target Support Files/Pods-actions-test/Pods-actions-test.debug.xcconfig"; sourceTree = "<group>"; };
		A24EB1F7238B824A0022CE68 /* actions-test.app */ = {isa = PBXFileReference; explicitFileType = wrapper.application; includeInIndex = 0; path = "actions-test.app"; sourceTree = BUILT_PRODUCTS_DIR; };
		A24EB1FA238B824A0022CE68 /* AppDelegate.h */ = {isa = PBXFileReference; lastKnownFileType = sourcecode.c.h; path = AppDelegate.h; sourceTree = "<group>"; };
		A24EB1FB238B824A0022CE68 /* AppDelegate.m */ = {isa = PBXFileReference; lastKnownFileType = sourcecode.c.objc; path = AppDelegate.m; sourceTree = "<group>"; };
		A24EB1FD238B824A0022CE68 /* ViewController.h */ = {isa = PBXFileReference; lastKnownFileType = sourcecode.c.h; path = ViewController.h; sourceTree = "<group>"; };
		A24EB1FE238B824A0022CE68 /* ViewController.m */ = {isa = PBXFileReference; lastKnownFileType = sourcecode.c.objc; path = ViewController.m; sourceTree = "<group>"; };
		A24EB201238B824A0022CE68 /* Base */ = {isa = PBXFileReference; lastKnownFileType = file.storyboard; name = Base; path = Base.lproj/Main.storyboard; sourceTree = "<group>"; };
		A24EB203238B824B0022CE68 /* Assets.xcassets */ = {isa = PBXFileReference; lastKnownFileType = folder.assetcatalog; path = Assets.xcassets; sourceTree = "<group>"; };
		A24EB206238B824B0022CE68 /* Base */ = {isa = PBXFileReference; lastKnownFileType = file.storyboard; name = Base; path = Base.lproj/LaunchScreen.storyboard; sourceTree = "<group>"; };
		A24EB208238B824B0022CE68 /* Info.plist */ = {isa = PBXFileReference; lastKnownFileType = text.plist.xml; path = Info.plist; sourceTree = "<group>"; };
		A24EB209238B824B0022CE68 /* main.m */ = {isa = PBXFileReference; lastKnownFileType = sourcecode.c.objc; path = main.m; sourceTree = "<group>"; };
		EBDE9562C186BA1324E29D86 /* Pods-actions-test.release.xcconfig */ = {isa = PBXFileReference; includeInIndex = 1; lastKnownFileType = text.xcconfig; name = "Pods-actions-test.release.xcconfig"; path = "Target Support Files/Pods-actions-test/Pods-actions-test.release.xcconfig"; sourceTree = "<group>"; };
/* End PBXFileReference section */

/* Begin PBXFrameworksBuildPhase section */
		A24EB1F4238B824A0022CE68 /* Frameworks */ = {
			isa = PBXFrameworksBuildPhase;
			buildActionMask = 2147483647;
			files = (
				DBDD53AE2D7E0B81621CD958 /* libPods-actions-test.a in Frameworks */,
			);
			runOnlyForDeploymentPostprocessing = 0;
		};
/* End PBXFrameworksBuildPhase section */

/* Begin PBXGroup section */
		6E56828ABC3853B73C4A7D88 /* Frameworks */ = {
			isa = PBXGroup;
			children = (
				52992EB031248399BD034CE1 /* libPods-actions-test.a */,
			);
			name = Frameworks;
			sourceTree = "<group>";
		};
		A24EB1EE238B824A0022CE68 = {
			isa = PBXGroup;
			children = (
				A24EB1F9238B824A0022CE68 /* actions-test */,
				A24EB1F8238B824A0022CE68 /* Products */,
				DAC2AA02F651C49D30AED5AA /* Pods */,
				6E56828ABC3853B73C4A7D88 /* Frameworks */,
			);
			sourceTree = "<group>";
		};
		A24EB1F8238B824A0022CE68 /* Products */ = {
			isa = PBXGroup;
			children = (
				A24EB1F7238B824A0022CE68 /* actions-test.app */,
			);
			name = Products;
			sourceTree = "<group>";
		};
		A24EB1F9238B824A0022CE68 /* actions-test */ = {
			isa = PBXGroup;
			children = (
				A24EB1FA238B824A0022CE68 /* AppDelegate.h */,
				A24EB1FB238B824A0022CE68 /* AppDelegate.m */,
				A24EB1FD238B824A0022CE68 /* ViewController.h */,
				A24EB1FE238B824A0022CE68 /* ViewController.m */,
				A24EB200238B824A0022CE68 /* Main.storyboard */,
				A24EB203238B824B0022CE68 /* Assets.xcassets */,
				A24EB205238B824B0022CE68 /* LaunchScreen.storyboard */,
				A24EB208238B824B0022CE68 /* Info.plist */,
				A24EB209238B824B0022CE68 /* main.m */,
			);
			path = "actions-test";
			sourceTree = "<group>";
		};
		DAC2AA02F651C49D30AED5AA /* Pods */ = {
			isa = PBXGroup;
			children = (
				68789E695468B2126730D43D /* Pods-actions-test.debug.xcconfig */,
				EBDE9562C186BA1324E29D86 /* Pods-actions-test.release.xcconfig */,
			);
			path = Pods;
			sourceTree = "<group>";
		};
/* End PBXGroup section */

/* Begin PBXNativeTarget section */
		A24EB1F6238B824A0022CE68 /* actions-test */ = {
			isa = PBXNativeTarget;
			buildConfigurationList = A24EB20D238B824B0022CE68 /* Build configuration list for PBXNativeTarget "actions-test" */;
			buildPhases = (
				330A6D9A798BA17E0F55AACB /* [CP] Check Pods Manifest.lock */,
				A24EB1F3238B824A0022CE68 /* Sources */,
				A24EB1F4238B824A0022CE68 /* Frameworks */,
				A24EB1F5238B824A0022CE68 /* Resources */,
			);
			buildRules = (
			);
			dependencies = (
			);
			name = "actions-test";
			productName = "actions-test";
			productReference = A24EB1F7238B824A0022CE68 /* actions-test.app */;
			productType = "com.apple.product-type.application";
		};
/* End PBXNativeTarget section */

/* Begin PBXProject section */
		A24EB1EF238B824A0022CE68 /* Project object */ = {
			isa = PBXProject;
			attributes = {
				LastUpgradeCheck = 1020;
				ORGANIZATIONNAME = FHT360;
				TargetAttributes = {
					A24EB1F6238B824A0022CE68 = {
						CreatedOnToolsVersion = 10.2.1;
					};
				};
			};
			buildConfigurationList = A24EB1F2238B824A0022CE68 /* Build configuration list for PBXProject "actions-test" */;
			compatibilityVersion = "Xcode 9.3";
			developmentRegion = en;
			hasScannedForEncodings = 0;
			knownRegions = (
				en,
				Base,
			);
			mainGroup = A24EB1EE238B824A0022CE68;
			productRefGroup = A24EB1F8238B824A0022CE68 /* Products */;
			projectDirPath = "";
			projectRoot = "";
			targets = (
				A24EB1F6238B824A0022CE68 /* actions-test */,
			);
		};
/* End PBXProject section */

/* Begin PBXResourcesBuildPhase section */
		A24EB1F5238B824A0022CE68 /* Resources */ = {
			isa = PBXResourcesBuildPhase;
			buildActionMask = 2147483647;
			files = (
				A24EB207238B824B0022CE68 /* LaunchScreen.storyboard in Resources */,
				A24EB204238B824B0022CE68 /* Assets.xcassets in Resources */,
				A24EB202238B824A0022CE68 /* Main.storyboard in Resources */,
			);
			runOnlyForDeploymentPostprocessing = 0;
		};
/* End PBXResourcesBuildPhase section */

/* Begin PBXShellScriptBuildPhase section */
		330A6D9A798BA17E0F55AACB /* [CP] Check Pods Manifest.lock */ = {
			isa = PBXShellScriptBuildPhase;
			buildActionMask = 2147483647;
			files = (
			);
			inputFileListPaths = (
			);
			inputPaths = (
				"${PODS_PODFILE_DIR_PATH}/Podfile.lock",
				"${PODS_ROOT}/Manifest.lock",
			);
			name = "[CP] Check Pods Manifest.lock";
			outputFileListPaths = (
			);
			outputPaths = (
				"$(DERIVED_FILE_DIR)/Pods-actions-test-checkManifestLockResult.txt",
			);
			runOnlyForDeploymentPostprocessing = 0;
			shellPath = /bin/sh;
			shellScript = "diff \"${PODS_PODFILE_DIR_PATH}/Podfile.lock\" \"${PODS_ROOT}/Manifest.lock\" > /dev/null\nif [ $? != 0 ] ; then\n    # print error to STDERR\n    echo \"error: The sandbox is not in sync with the Podfile.lock. Run 'pod install' or update your CocoaPods installation.\" >&2\n    exit 1\nfi\n# This output is used by Xcode 'outputs' to avoid re-running this script phase.\necho \"SUCCESS\" > \"${SCRIPT_OUTPUT_FILE_0}\"\n";
			showEnvVarsInLog = 0;
		};
/* End PBXShellScriptBuildPhase section */

/* Begin PBXSourcesBuildPhase section */
		A24EB1F3238B824A0022CE68 /* Sources */ = {
			isa = PBXSourcesBuildPhase;
			buildActionMask = 2147483647;
			files = (
				A24EB1FF238B824A0022CE68 /* ViewController.m in Sources */,
				A24EB20A238B824B0022CE68 /* main.m in Sources */,
				A24EB1FC238B824A0022CE68 /* AppDelegate.m in Sources */,
			);
			runOnlyForDeploymentPostprocessing = 0;
		};
/* End PBXSourcesBuildPhase section */

/* Begin PBXVariantGroup section */
		A24EB200238B824A0022CE68 /* Main.storyboard */ = {
			isa = PBXVariantGroup;
			children = (
				A24EB201238B824A0022CE68 /* Base */,
			);
			name = Main.storyboard;
			sourceTree = "<group>";
		};
		A24EB205238B824B0022CE68 /* LaunchScreen.storyboard */ = {
			isa = PBXVariantGroup;
			children = (
				A24EB206238B824B0022CE68 /* Base */,
			);
			name = LaunchScreen.storyboard;
			sourceTree = "<group>";
		};
/* End PBXVariantGroup section */

/* Begin XCBuildConfiguration section */
		A24EB20B238B824B0022CE68 /* Debug */ = {
			isa = XCBuildConfiguration;
			buildSettings = {
				ALWAYS_SEARCH_USER_PATHS = NO;
				CLANG_ANALYZER_NONNULL = YES;
				CLANG_ANALYZER_NUMBER_OBJECT_CONVERSION = YES_AGGRESSIVE;
				CLANG_CXX_LANGUAGE_STANDARD = "gnu++14";
				CLANG_CXX_LIBRARY = "libc++";
				CLANG_ENABLE_MODULES = YES;
				CLANG_ENABLE_OBJC_ARC = YES;
				CLANG_ENABLE_OBJC_WEAK = YES;
				CLANG_WARN_BLOCK_CAPTURE_AUTORELEASING = YES;
				CLANG_WARN_BOOL_CONVERSION = YES;
				CLANG_WARN_COMMA = YES;
				CLANG_WARN_CONSTANT_CONVERSION = YES;
				CLANG_WARN_DEPRECATED_OBJC_IMPLEMENTATIONS = YES;
				CLANG_WARN_DIRECT_OBJC_ISA_USAGE = YES_ERROR;
				CLANG_WARN_DOCUMENTATION_COMMENTS = YES;
				CLANG_WARN_EMPTY_BODY = YES;
				CLANG_WARN_ENUM_CONVERSION = YES;
				CLANG_WARN_INFINITE_RECURSION = YES;
				CLANG_WARN_INT_CONVERSION = YES;
				CLANG_WARN_NON_LITERAL_NULL_CONVERSION = YES;
				CLANG_WARN_OBJC_IMPLICIT_RETAIN_SELF = YES;
				CLANG_WARN_OBJC_LITERAL_CONVERSION = YES;
				CLANG_WARN_OBJC_ROOT_CLASS = YES_ERROR;
				CLANG_WARN_RANGE_LOOP_ANALYSIS = YES;
				CLANG_WARN_STRICT_PROTOTYPES = YES;
				CLANG_WARN_SUSPICIOUS_MOVE = YES;
				CLANG_WARN_UNGUARDED_AVAILABILITY = YES_AGGRESSIVE;
				CLANG_WARN_UNREACHABLE_CODE = YES;
				CLANG_WARN__DUPLICATE_METHOD_MATCH = YES;
				CODE_SIGN_IDENTITY = "iPhone Developer";
				COPY_PHASE_STRIP = NO;
				DEBUG_INFORMATION_FORMAT = dwarf;
				ENABLE_STRICT_OBJC_MSGSEND = YES;
				ENABLE_TESTABILITY = YES;
				GCC_C_LANGUAGE_STANDARD = gnu11;
				GCC_DYNAMIC_NO_PIC = NO;
				GCC_NO_COMMON_BLOCKS = YES;
				GCC_OPTIMIZATION_LEVEL = 0;
				GCC_PREPROCESSOR_DEFINITIONS = (
					"DEBUG=1",
					"$(inherited)",
				);
				GCC_WARN_64_TO_32_BIT_CONVERSION = YES;
				GCC_WARN_ABOUT_RETURN_TYPE = YES_ERROR;
				GCC_WARN_UNDECLARED_SELECTOR = YES;
				GCC_WARN_UNINITIALIZED_AUTOS = YES_AGGRESSIVE;
				GCC_WARN_UNUSED_FUNCTION = YES;
				GCC_WARN_UNUSED_VARIABLE = YES;
				IPHONEOS_DEPLOYMENT_TARGET = 9.0;
				MTL_ENABLE_DEBUG_INFO = INCLUDE_SOURCE;
				MTL_FAST_MATH = YES;
				ONLY_ACTIVE_ARCH = YES;
				SDKROOT = iphoneos;
			};
			name = Debug;
		};
		A24EB20C238B824B0022CE68 /* Release */ = {
			isa = XCBuildConfiguration;
			buildSettings = {
				ALWAYS_SEARCH_USER_PATHS = NO;
				CLANG_ANALYZER_NONNULL = YES;
				CLANG_ANALYZER_NUMBER_OBJECT_CONVERSION = YES_AGGRESSIVE;
				CLANG_CXX_LANGUAGE_STANDARD = "gnu++14";
				CLANG_CXX_LIBRARY = "libc++";
				CLANG_ENABLE_MODULES = YES;
				CLANG_ENABLE_OBJC_ARC = YES;
				CLANG_ENABLE_OBJC_WEAK = YES;
				CLANG_WARN_BLOCK_CAPTURE_AUTORELEASING = YES;
				CLANG_WARN_BOOL_CONVERSION = YES;
				CLANG_WARN_COMMA = YES;
				CLANG_WARN_CONSTANT_CONVERSION = YES;
				CLANG_WARN_DEPRECATED_OBJC_IMPLEMENTATIONS = YES;
				CLANG_WARN_DIRECT_OBJC_ISA_USAGE = YES_ERROR;
				CLANG_WARN_DOCUMENTATION_COMMENTS = YES;
				CLANG_WARN_EMPTY_BODY = YES;
				CLANG_WARN_ENUM_CONVERSION = YES;
				CLANG_WARN_INFINITE_RECURSION = YES;
				CLANG_WARN_INT_CONVERSION = YES;
				CLANG_WARN_NON_LITERAL_NULL_CONVERSION = YES;
				CLANG_WARN_OBJC_IMPLICIT_RETAIN_SELF = YES;
				CLANG_WARN_OBJC_LITERAL_CONVERSION = YES;
				CLANG_WARN_OBJC_ROOT_CLASS = YES_ERROR;
				CLANG_WARN_RANGE_LOOP_ANALYSIS = YES;
				CLANG_WARN_STRICT_PROTOTYPES = YES;
				CLANG_WARN_SUSPICIOUS_MOVE = YES;
				CLANG_WARN_UNGUARDED_AVAILABILITY = YES_AGGRESSIVE;
				CLANG_WARN_UNREACHABLE_CODE = YES;
				CLANG_WARN__DUPLICATE_METHOD_MATCH = YES;
				CODE_SIGN_IDENTITY = "iPhone Developer";
				COPY_PHASE_STRIP = NO;
				DEBUG_INFORMATION_FORMAT = "dwarf-with-dsym";
				ENABLE_NS_ASSERTIONS = NO;
				ENABLE_STRICT_OBJC_MSGSEND = YES;
				GCC_C_LANGUAGE_STANDARD = gnu11;
				GCC_NO_COMMON_BLOCKS = YES;
				GCC_WARN_64_TO_32_BIT_CONVERSION = YES;
				GCC_WARN_ABOUT_RETURN_TYPE = YES_ERROR;
				GCC_WARN_UNDECLARED_SELECTOR = YES;
				GCC_WARN_UNINITIALIZED_AUTOS = YES_AGGRESSIVE;
				GCC_WARN_UNUSED_FUNCTION = YES;
				GCC_WARN_UNUSED_VARIABLE = YES;
				IPHONEOS_DEPLOYMENT_TARGET = 9.0;
				MTL_ENABLE_DEBUG_INFO = NO;
				MTL_FAST_MATH = YES;
				SDKROOT = iphoneos;
				VALIDATE_PRODUCT = YES;
			};
			name = Release;
		};
		A24EB20E238B824B0022CE68 /* Debug */ = {
			isa = XCBuildConfiguration;
			baseConfigurationReference = 68789E695468B2126730D43D /* Pods-actions-test.debug.xcconfig */;
			buildSettings = {
				ASSETCATALOG_COMPILER_APPICON_NAME = AppIcon;
				CODE_SIGN_STYLE = Automatic;
				DEVELOPMENT_TEAM = K46M6SP78E;
				INFOPLIST_FILE = "actions-test/Info.plist";
				LD_RUNPATH_SEARCH_PATHS = (
					"$(inherited)",
					"@executable_path/Frameworks",
				);
				ONLY_ACTIVE_ARCH = YES;
				PRODUCT_BUNDLE_IDENTIFIER = "com.fht360.actions-test";
				PRODUCT_NAME = "$(TARGET_NAME)";
				TARGETED_DEVICE_FAMILY = 1;
			};
			name = Debug;
		};
		A24EB20F238B824B0022CE68 /* Release */ = {
			isa = XCBuildConfiguration;
			baseConfigurationReference = EBDE9562C186BA1324E29D86 /* Pods-actions-test.release.xcconfig */;
			buildSettings = {
				ASSETCATALOG_COMPILER_APPICON_NAME = AppIcon;
				CODE_SIGN_STYLE = Automatic;
				DEVELOPMENT_TEAM = K46M6SP78E;
				INFOPLIST_FILE = "actions-test/Info.plist";
				LD_RUNPATH_SEARCH_PATHS = (
					"$(inherited)",
					"@executable_path/Frameworks",
				);
				PRODUCT_BUNDLE_IDENTIFIER = "com.fht360.actions-test";
				PRODUCT_NAME = "$(TARGET_NAME)";
				TARGETED_DEVICE_FAMILY = 1;
			};
			name = Release;
		};
/* End XCBuildConfiguration section */

/* Begin XCConfigurationList section */
		A24EB1F2238B824A0022CE68 /* Build configuration list for PBXProject "actions-test" */ = {
			isa = XCConfigurationList;
			buildConfigurations = (
				A24EB20B238B824B0022CE68 /* Debug */,
				A24EB20C238B824B0022CE68 /* Release */,
			);
			defaultConfigurationIsVisible = 0;
			defaultConfigurationName = Release;
		};
		A24EB20D238B824B0022CE68 /* Build configuration list for PBXNativeTarget "actions-test" */ = {
			isa = XCConfigurationList;
			buildConfigurations = (
				A24EB20E238B824B0022CE68 /* Debug */,
				A24EB20F238B824B0022CE68 /* Release */,
			);
			defaultConfigurationIsVisible = 0;
			defaultConfigurationName = Release;
		};
/* End XCConfigurationList section */
	};
	rootObject = A24EB1EF238B824A0022CE68 /* Project object */;
}
